
Microsoft Visual Studio Solution File, Format Version 12.00
# Visual Studio Version 17
VisualStudioVersion = 17.9.34728.123
MinimumVisualStudioVersion = 10.0.40219.1
Project("{FAE04EC0-301F-11D3-BF4B-00C04F79EFBC}") = "GorselProgramlamaOdev21010310066", "GorselProgramlamaOdev21010310066.csproj", "{2CADFD76-8291-4E99-B45E-296ABEE41528}"
EndProject
Global
	GlobalSection(SolutionConfigurationPlatforms) = preSolution
		Debug|Any CPU = Debug|Any CPU
		Release|Any CPU = Release|Any CPU
	EndGlobalSection
	GlobalSection(ProjectConfigurationPlatforms) = postSolution
		{2CADFD76-8291-4E99-B45E-296ABEE41528}.Debug|Any CPU.ActiveCfg = Debug|Any CPU
		{2CADFD76-8291-4E99-B45E-296ABEE41528}.Debug|Any CPU.Build.0 = Debug|Any CPU
		{2CADFD76-8291-4E99-B45E-296ABEE41528}.Debug|Any CPU.Deploy.0 = Debug|Any CPU
		{2CADFD76-8291-4E99-B45E-296ABEE41528}.Release|Any CPU.ActiveCfg = Release|Any CPU
		{2CADFD76-8291-4E99-B45E-296ABEE41528}.Release|Any CPU.Build.0 = Release|Any CPU
		{2CADFD76-8291-4E99-B45E-296ABEE41528}.Release|Any CPU.Deploy.0 = Release|Any CPU
	EndGlobalSection
	GlobalSection(SolutionProperties) = preSolution
		HideSolutionNode = FALSE
	EndGlobalSection
	GlobalSection(ExtensibilityGlobals) = postSolution
		SolutionGuid = {B25846C4-888E-4627-9393-948154641A80}
	EndGlobalSection
EndGlobal
